// !$*UTF8*$!
{
	archiveVersion = 1;
	classes = {
	};
	objectVersion = 46;
	objects = {

/* Begin PBXBuildFile section */
		1A9C0827B4A067DF023AE3C9 /* Pods_Bridddle.framework in Frameworks */ = {isa = PBXBuildFile; fileRef = 47DC5E166081CB6533339E36 /* Pods_Bridddle.framework */; };
		9B8233B21EEA47DF00873358 /* DribbbleCredentials.swift in Sources */ = {isa = PBXBuildFile; fileRef = 9B8233B11EEA47DF00873358 /* DribbbleCredentials.swift */; };
		9B8233B61EEA5A6700873358 /* Notification.swift in Sources */ = {isa = PBXBuildFile; fileRef = 9B8233B51EEA5A6700873358 /* Notification.swift */; };
		9B9B4BAF1EE8D75D006B18BD /* AppDelegate.swift in Sources */ = {isa = PBXBuildFile; fileRef = 9B9B4BAE1EE8D75D006B18BD /* AppDelegate.swift */; };
		9B9B4BB11EE8D75D006B18BD /* ViewController.swift in Sources */ = {isa = PBXBuildFile; fileRef = 9B9B4BB01EE8D75D006B18BD /* ViewController.swift */; };
		9B9B4BB41EE8D75D006B18BD /* Main.storyboard in Resources */ = {isa = PBXBuildFile; fileRef = 9B9B4BB21EE8D75D006B18BD /* Main.storyboard */; };
		9B9B4BB61EE8D75D006B18BD /* Assets.xcassets in Resources */ = {isa = PBXBuildFile; fileRef = 9B9B4BB51EE8D75D006B18BD /* Assets.xcassets */; };
		9B9B4BB91EE8D75D006B18BD /* LaunchScreen.storyboard in Resources */ = {isa = PBXBuildFile; fileRef = 9B9B4BB71EE8D75D006B18BD /* LaunchScreen.storyboard */; };
		9B9B4BC41EE8D75D006B18BD /* BridddleTests.swift in Sources */ = {isa = PBXBuildFile; fileRef = 9B9B4BC31EE8D75D006B18BD /* BridddleTests.swift */; };
		9B9B4BD11EE8E310006B18BD /* Keys.plist in Resources */ = {isa = PBXBuildFile; fileRef = 9B9B4BD01EE8E310006B18BD /* Keys.plist */; };
		9B9B4BD31EE8E634006B18BD /* HomeViewController.swift in Sources */ = {isa = PBXBuildFile; fileRef = 9B9B4BD21EE8E634006B18BD /* HomeViewController.swift */; };
		9B9B4BD51EE8E983006B18BD /* ImageViewCell.swift in Sources */ = {isa = PBXBuildFile; fileRef = 9B9B4BD41EE8E983006B18BD /* ImageViewCell.swift */; };
		9B9B4BD71EE8EB47006B18BD /* Shot.swift in Sources */ = {isa = PBXBuildFile; fileRef = 9B9B4BD61EE8EB47006B18BD /* Shot.swift */; };
		9B9B4BD91EE8EBBE006B18BD /* ImageUtil.swift in Sources */ = {isa = PBXBuildFile; fileRef = 9B9B4BD81EE8EBBE006B18BD /* ImageUtil.swift */; };
		9BED39841EE951660017B833 /* User.swift in Sources */ = {isa = PBXBuildFile; fileRef = 9BED39831EE951660017B833 /* User.swift */; };
		9BED39861EE957610017B833 /* DataManager.swift in Sources */ = {isa = PBXBuildFile; fileRef = 9BED39851EE957610017B833 /* DataManager.swift */; };
/* End PBXBuildFile section */

/* Begin PBXContainerItemProxy section */
		9B9B4BC01EE8D75D006B18BD /* PBXContainerItemProxy */ = {
			isa = PBXContainerItemProxy;
			containerPortal = 9B9B4BA31EE8D75D006B18BD /* Project object */;
			proxyType = 1;
			remoteGlobalIDString = 9B9B4BAA1EE8D75D006B18BD;
			remoteInfo = Bridddle;
		};
/* End PBXContainerItemProxy section */

/* Begin PBXFileReference section */
		00FB17236D58DE02ED9BC343 /* Pods-Bridddle.debug.xcconfig */ = {isa = PBXFileReference; includeInIndex = 1; lastKnownFileType = text.xcconfig; name = "Pods-Bridddle.debug.xcconfig"; path = "Pods/Target Support Files/Pods-Bridddle/Pods-Bridddle.debug.xcconfig"; sourceTree = "<group>"; };
		11F8315976A1EED2723BB374 /* Pods-Bridddle.release.xcconfig */ = {isa = PBXFileReference; includeInIndex = 1; lastKnownFileType = text.xcconfig; name = "Pods-Bridddle.release.xcconfig"; path = "Pods/Target Support Files/Pods-Bridddle/Pods-Bridddle.release.xcconfig"; sourceTree = "<group>"; };
		47DC5E166081CB6533339E36 /* Pods_Bridddle.framework */ = {isa = PBXFileReference; explicitFileType = wrapper.framework; includeInIndex = 0; path = Pods_Bridddle.framework; sourceTree = BUILT_PRODUCTS_DIR; };
		9B8233B11EEA47DF00873358 /* DribbbleCredentials.swift */ = {isa = PBXFileReference; fileEncoding = 4; lastKnownFileType = sourcecode.swift; path = DribbbleCredentials.swift; sourceTree = "<group>"; };
		9B8233B51EEA5A6700873358 /* Notification.swift */ = {isa = PBXFileReference; fileEncoding = 4; lastKnownFileType = sourcecode.swift; path = Notification.swift; sourceTree = "<group>"; };
		9B9B4BAB1EE8D75D006B18BD /* Bridddle.app */ = {isa = PBXFileReference; explicitFileType = wrapper.application; includeInIndex = 0; path = Bridddle.app; sourceTree = BUILT_PRODUCTS_DIR; };
		9B9B4BAE1EE8D75D006B18BD /* AppDelegate.swift */ = {isa = PBXFileReference; lastKnownFileType = sourcecode.swift; path = AppDelegate.swift; sourceTree = "<group>"; };
		9B9B4BB01EE8D75D006B18BD /* ViewController.swift */ = {isa = PBXFileReference; lastKnownFileType = sourcecode.swift; path = ViewController.swift; sourceTree = "<group>"; };
		9B9B4BB31EE8D75D006B18BD /* Base */ = {isa = PBXFileReference; lastKnownFileType = file.storyboard; name = Base; path = Base.lproj/Main.storyboard; sourceTree = "<group>"; };
		9B9B4BB51EE8D75D006B18BD /* Assets.xcassets */ = {isa = PBXFileReference; lastKnownFileType = folder.assetcatalog; path = Assets.xcassets; sourceTree = "<group>"; };
		9B9B4BB81EE8D75D006B18BD /* Base */ = {isa = PBXFileReference; lastKnownFileType = file.storyboard; name = Base; path = Base.lproj/LaunchScreen.storyboard; sourceTree = "<group>"; };
		9B9B4BBA1EE8D75D006B18BD /* Info.plist */ = {isa = PBXFileReference; lastKnownFileType = text.plist.xml; path = Info.plist; sourceTree = "<group>"; };
		9B9B4BBF1EE8D75D006B18BD /* BridddleTests.xctest */ = {isa = PBXFileReference; explicitFileType = wrapper.cfbundle; includeInIndex = 0; path = BridddleTests.xctest; sourceTree = BUILT_PRODUCTS_DIR; };
		9B9B4BC31EE8D75D006B18BD /* BridddleTests.swift */ = {isa = PBXFileReference; lastKnownFileType = sourcecode.swift; path = BridddleTests.swift; sourceTree = "<group>"; };
		9B9B4BC51EE8D75D006B18BD /* Info.plist */ = {isa = PBXFileReference; lastKnownFileType = text.plist.xml; path = Info.plist; sourceTree = "<group>"; };
		9B9B4BD01EE8E310006B18BD /* Keys.plist */ = {isa = PBXFileReference; fileEncoding = 4; lastKnownFileType = text.plist.xml; path = Keys.plist; sourceTree = "<group>"; };
		9B9B4BD21EE8E634006B18BD /* HomeViewController.swift */ = {isa = PBXFileReference; fileEncoding = 4; lastKnownFileType = sourcecode.swift; path = HomeViewController.swift; sourceTree = "<group>"; };
		9B9B4BD41EE8E983006B18BD /* ImageViewCell.swift */ = {isa = PBXFileReference; fileEncoding = 4; lastKnownFileType = sourcecode.swift; path = ImageViewCell.swift; sourceTree = "<group>"; };
		9B9B4BD61EE8EB47006B18BD /* Shot.swift */ = {isa = PBXFileReference; fileEncoding = 4; lastKnownFileType = sourcecode.swift; path = Shot.swift; sourceTree = "<group>"; };
		9B9B4BD81EE8EBBE006B18BD /* ImageUtil.swift */ = {isa = PBXFileReference; fileEncoding = 4; lastKnownFileType = sourcecode.swift; path = ImageUtil.swift; sourceTree = "<group>"; };
		9BED39831EE951660017B833 /* User.swift */ = {isa = PBXFileReference; fileEncoding = 4; lastKnownFileType = sourcecode.swift; path = User.swift; sourceTree = "<group>"; };
		9BED39851EE957610017B833 /* DataManager.swift */ = {isa = PBXFileReference; fileEncoding = 4; lastKnownFileType = sourcecode.swift; path = DataManager.swift; sourceTree = "<group>"; };
/* End PBXFileReference section */

/* Begin PBXFrameworksBuildPhase section */
		9B9B4BA81EE8D75D006B18BD /* Frameworks */ = {
			isa = PBXFrameworksBuildPhase;
			buildActionMask = 2147483647;
			files = (
				1A9C0827B4A067DF023AE3C9 /* Pods_Bridddle.framework in Frameworks */,
			);
			runOnlyForDeploymentPostprocessing = 0;
		};
		9B9B4BBC1EE8D75D006B18BD /* Frameworks */ = {
			isa = PBXFrameworksBuildPhase;
			buildActionMask = 2147483647;
			files = (
			);
			runOnlyForDeploymentPostprocessing = 0;
		};
/* End PBXFrameworksBuildPhase section */

/* Begin PBXGroup section */
		42A27D8A848BAF19117EEB1A /* Frameworks */ = {
			isa = PBXGroup;
			children = (
				47DC5E166081CB6533339E36 /* Pods_Bridddle.framework */,
			);
			name = Frameworks;
			sourceTree = "<group>";
		};
		9B9B4BA21EE8D75D006B18BD = {
			isa = PBXGroup;
			children = (
				9B9B4BAD1EE8D75D006B18BD /* Bridddle */,
				9B9B4BC21EE8D75D006B18BD /* BridddleTests */,
				9B9B4BAC1EE8D75D006B18BD /* Products */,
				B488B1852EFC4D6FE41AD453 /* Pods */,
				42A27D8A848BAF19117EEB1A /* Frameworks */,
			);
			sourceTree = "<group>";
		};
		9B9B4BAC1EE8D75D006B18BD /* Products */ = {
			isa = PBXGroup;
			children = (
				9B9B4BAB1EE8D75D006B18BD /* Bridddle.app */,
				9B9B4BBF1EE8D75D006B18BD /* BridddleTests.xctest */,
			);
			name = Products;
			sourceTree = "<group>";
		};
		9B9B4BAD1EE8D75D006B18BD /* Bridddle */ = {
			isa = PBXGroup;
			children = (
				9B9B4BAE1EE8D75D006B18BD /* AppDelegate.swift */,
				9B9B4BB01EE8D75D006B18BD /* ViewController.swift */,
				9B9B4BD21EE8E634006B18BD /* HomeViewController.swift */,
				9B9B4BD41EE8E983006B18BD /* ImageViewCell.swift */,
				9BED39851EE957610017B833 /* DataManager.swift */,
				9B8233B11EEA47DF00873358 /* DribbbleCredentials.swift */,
				9B9B4BD61EE8EB47006B18BD /* Shot.swift */,
				9BED39831EE951660017B833 /* User.swift */,
				9B9B4BD81EE8EBBE006B18BD /* ImageUtil.swift */,
				9B8233B51EEA5A6700873358 /* Notification.swift */,
				9B9B4BB21EE8D75D006B18BD /* Main.storyboard */,
				9B9B4BB51EE8D75D006B18BD /* Assets.xcassets */,
				9B9B4BB71EE8D75D006B18BD /* LaunchScreen.storyboard */,
				9B9B4BBA1EE8D75D006B18BD /* Info.plist */,
				9B9B4BD01EE8E310006B18BD /* Keys.plist */,
			);
			path = Bridddle;
			sourceTree = "<group>";
		};
		9B9B4BC21EE8D75D006B18BD /* BridddleTests */ = {
			isa = PBXGroup;
			children = (
				9B9B4BC31EE8D75D006B18BD /* BridddleTests.swift */,
				9B9B4BC51EE8D75D006B18BD /* Info.plist */,
			);
			path = BridddleTests;
			sourceTree = "<group>";
		};
		B488B1852EFC4D6FE41AD453 /* Pods */ = {
			isa = PBXGroup;
			children = (
				00FB17236D58DE02ED9BC343 /* Pods-Bridddle.debug.xcconfig */,
				11F8315976A1EED2723BB374 /* Pods-Bridddle.release.xcconfig */,
			);
			name = Pods;
			sourceTree = "<group>";
		};
/* End PBXGroup section */

/* Begin PBXNativeTarget section */
		9B9B4BAA1EE8D75D006B18BD /* Bridddle */ = {
			isa = PBXNativeTarget;
			buildConfigurationList = 9B9B4BC81EE8D75D006B18BD /* Build configuration list for PBXNativeTarget "Bridddle" */;
			buildPhases = (
				CB916435C96D48F75A0B6E1B /* [CP] Check Pods Manifest.lock */,
				9B9B4BA71EE8D75D006B18BD /* Sources */,
				9B9B4BA81EE8D75D006B18BD /* Frameworks */,
				9B9B4BA91EE8D75D006B18BD /* Resources */,
				04C4E2828D17086CB6709235 /* [CP] Embed Pods Frameworks */,
				3B9FFEEF5C59E353DE254A2A /* [CP] Copy Pods Resources */,
			);
			buildRules = (
			);
			dependencies = (
			);
			name = Bridddle;
			productName = Bridddle;
			productReference = 9B9B4BAB1EE8D75D006B18BD /* Bridddle.app */;
			productType = "com.apple.product-type.application";
		};
		9B9B4BBE1EE8D75D006B18BD /* BridddleTests */ = {
			isa = PBXNativeTarget;
			buildConfigurationList = 9B9B4BCB1EE8D75D006B18BD /* Build configuration list for PBXNativeTarget "BridddleTests" */;
			buildPhases = (
				9B9B4BBB1EE8D75D006B18BD /* Sources */,
				9B9B4BBC1EE8D75D006B18BD /* Frameworks */,
				9B9B4BBD1EE8D75D006B18BD /* Resources */,
			);
			buildRules = (
			);
			dependencies = (
				9B9B4BC11EE8D75D006B18BD /* PBXTargetDependency */,
			);
			name = BridddleTests;
			productName = BridddleTests;
			productReference = 9B9B4BBF1EE8D75D006B18BD /* BridddleTests.xctest */;
			productType = "com.apple.product-type.bundle.unit-test";
		};
/* End PBXNativeTarget section */

/* Begin PBXProject section */
		9B9B4BA31EE8D75D006B18BD /* Project object */ = {
			isa = PBXProject;
			attributes = {
				LastSwiftUpdateCheck = 0830;
				LastUpgradeCheck = 0830;
				ORGANIZATIONNAME = "Hai Nguyen";
				TargetAttributes = {
					9B9B4BAA1EE8D75D006B18BD = {
						CreatedOnToolsVersion = 8.3.2;
						ProvisioningStyle = Automatic;
					};
					9B9B4BBE1EE8D75D006B18BD = {
						CreatedOnToolsVersion = 8.3.2;
						ProvisioningStyle = Automatic;
						TestTargetID = 9B9B4BAA1EE8D75D006B18BD;
					};
				};
			};
			buildConfigurationList = 9B9B4BA61EE8D75D006B18BD /* Build configuration list for PBXProject "Bridddle" */;
			compatibilityVersion = "Xcode 3.2";
			developmentRegion = English;
			hasScannedForEncodings = 0;
			knownRegions = (
				en,
				Base,
			);
			mainGroup = 9B9B4BA21EE8D75D006B18BD;
			productRefGroup = 9B9B4BAC1EE8D75D006B18BD /* Products */;
			projectDirPath = "";
			projectRoot = "";
			targets = (
				9B9B4BAA1EE8D75D006B18BD /* Bridddle */,
				9B9B4BBE1EE8D75D006B18BD /* BridddleTests */,
			);
		};
/* End PBXProject section */

/* Begin PBXResourcesBuildPhase section */
		9B9B4BA91EE8D75D006B18BD /* Resources */ = {
			isa = PBXResourcesBuildPhase;
			buildActionMask = 2147483647;
			files = (
				9B9B4BD11EE8E310006B18BD /* Keys.plist in Resources */,
				9B9B4BB91EE8D75D006B18BD /* LaunchScreen.storyboard in Resources */,
				9B9B4BB61EE8D75D006B18BD /* Assets.xcassets in Resources */,
				9B9B4BB41EE8D75D006B18BD /* Main.storyboard in Resources */,
			);
			runOnlyForDeploymentPostprocessing = 0;
		};
		9B9B4BBD1EE8D75D006B18BD /* Resources */ = {
			isa = PBXResourcesBuildPhase;
			buildActionMask = 2147483647;
			files = (
			);
			runOnlyForDeploymentPostprocessing = 0;
		};
/* End PBXResourcesBuildPhase section */

/* Begin PBXShellScriptBuildPhase section */
		04C4E2828D17086CB6709235 /* [CP] Embed Pods Frameworks */ = {
			isa = PBXShellScriptBuildPhase;
			buildActionMask = 2147483647;
			files = (
			);
			inputPaths = (
			);
			name = "[CP] Embed Pods Frameworks";
			outputPaths = (
			);
			runOnlyForDeploymentPostprocessing = 0;
			shellPath = /bin/sh;
			shellScript = "\"${SRCROOT}/Pods/Target Support Files/Pods-Bridddle/Pods-Bridddle-frameworks.sh\"\n";
			showEnvVarsInLog = 0;
		};
		3B9FFEEF5C59E353DE254A2A /* [CP] Copy Pods Resources */ = {
			isa = PBXShellScriptBuildPhase;
			buildActionMask = 2147483647;
			files = (
			);
			inputPaths = (
			);
			name = "[CP] Copy Pods Resources";
			outputPaths = (
			);
			runOnlyForDeploymentPostprocessing = 0;
			shellPath = /bin/sh;
			shellScript = "\"${SRCROOT}/Pods/Target Support Files/Pods-Bridddle/Pods-Bridddle-resources.sh\"\n";
			showEnvVarsInLog = 0;
		};
		CB916435C96D48F75A0B6E1B /* [CP] Check Pods Manifest.lock */ = {
			isa = PBXShellScriptBuildPhase;
			buildActionMask = 2147483647;
			files = (
			);
			inputPaths = (
			);
			name = "[CP] Check Pods Manifest.lock";
			outputPaths = (
			);
			runOnlyForDeploymentPostprocessing = 0;
			shellPath = /bin/sh;
			shellScript = "diff \"${PODS_PODFILE_DIR_PATH}/Podfile.lock\" \"${PODS_ROOT}/Manifest.lock\" > /dev/null\nif [ $? != 0 ] ; then\n    # print error to STDERR\n    echo \"error: The sandbox is not in sync with the Podfile.lock. Run 'pod install' or update your CocoaPods installation.\" >&2\n    exit 1\nfi\n";
			showEnvVarsInLog = 0;
		};
/* End PBXShellScriptBuildPhase section */

/* Begin PBXSourcesBuildPhase section */
		9B9B4BA71EE8D75D006B18BD /* Sources */ = {
			isa = PBXSourcesBuildPhase;
			buildActionMask = 2147483647;
			files = (
				9B9B4BD51EE8E983006B18BD /* ImageViewCell.swift in Sources */,
				9BED39861EE957610017B833 /* DataManager.swift in Sources */,
				9B8233B21EEA47DF00873358 /* DribbbleCredentials.swift in Sources */,
				9B9B4BB11EE8D75D006B18BD /* ViewController.swift in Sources */,
				9B9B4BAF1EE8D75D006B18BD /* AppDelegate.swift in Sources */,
				9B9B4BD91EE8EBBE006B18BD /* ImageUtil.swift in Sources */,
				9B8233B61EEA5A6700873358 /* Notification.swift in Sources */,
				9B9B4BD71EE8EB47006B18BD /* Shot.swift in Sources */,
				9B9B4BD31EE8E634006B18BD /* HomeViewController.swift in Sources */,
				9BED39841EE951660017B833 /* User.swift in Sources */,
			);
			runOnlyForDeploymentPostprocessing = 0;
		};
		9B9B4BBB1EE8D75D006B18BD /* Sources */ = {
			isa = PBXSourcesBuildPhase;
			buildActionMask = 2147483647;
			files = (
				9B9B4BC41EE8D75D006B18BD /* BridddleTests.swift in Sources */,
			);
			runOnlyForDeploymentPostprocessing = 0;
		};
/* End PBXSourcesBuildPhase section */

/* Begin PBXTargetDependency section */
		9B9B4BC11EE8D75D006B18BD /* PBXTargetDependency */ = {
			isa = PBXTargetDependency;
			target = 9B9B4BAA1EE8D75D006B18BD /* Bridddle */;
			targetProxy = 9B9B4BC01EE8D75D006B18BD /* PBXContainerItemProxy */;
		};
/* End PBXTargetDependency section */

/* Begin PBXVariantGroup section */
		9B9B4BB21EE8D75D006B18BD /* Main.storyboard */ = {
			isa = PBXVariantGroup;
			children = (
				9B9B4BB31EE8D75D006B18BD /* Base */,
			);
			name = Main.storyboard;
			sourceTree = "<group>";
		};
		9B9B4BB71EE8D75D006B18BD /* LaunchScreen.storyboard */ = {
			isa = PBXVariantGroup;
			children = (
				9B9B4BB81EE8D75D006B18BD /* Base */,
			);
			name = LaunchScreen.storyboard;
			sourceTree = "<group>";
		};
/* End PBXVariantGroup section */

/* Begin XCBuildConfiguration section */
		9B9B4BC61EE8D75D006B18BD /* Debug */ = {
			isa = XCBuildConfiguration;
			buildSettings = {
				ALWAYS_SEARCH_USER_PATHS = NO;
				CLANG_ANALYZER_NONNULL = YES;
				CLANG_ANALYZER_NUMBER_OBJECT_CONVERSION = YES_AGGRESSIVE;
				CLANG_CXX_LANGUAGE_STANDARD = "gnu++0x";
				CLANG_CXX_LIBRARY = "libc++";
				CLANG_ENABLE_MODULES = YES;
				CLANG_ENABLE_OBJC_ARC = YES;
				CLANG_WARN_BOOL_CONVERSION = YES;
				CLANG_WARN_CONSTANT_CONVERSION = YES;
				CLANG_WARN_DIRECT_OBJC_ISA_USAGE = YES_ERROR;
				CLANG_WARN_DOCUMENTATION_COMMENTS = YES;
				CLANG_WARN_EMPTY_BODY = YES;
				CLANG_WARN_ENUM_CONVERSION = YES;
				CLANG_WARN_INFINITE_RECURSION = YES;
				CLANG_WARN_INT_CONVERSION = YES;
				CLANG_WARN_OBJC_ROOT_CLASS = YES_ERROR;
				CLANG_WARN_SUSPICIOUS_MOVE = YES;
				CLANG_WARN_UNREACHABLE_CODE = YES;
				CLANG_WARN__DUPLICATE_METHOD_MATCH = YES;
				"CODE_SIGN_IDENTITY[sdk=iphoneos*]" = "iPhone Developer";
				COPY_PHASE_STRIP = NO;
				DEBUG_INFORMATION_FORMAT = dwarf;
				ENABLE_STRICT_OBJC_MSGSEND = YES;
				ENABLE_TESTABILITY = YES;
				GCC_C_LANGUAGE_STANDARD = gnu99;
				GCC_DYNAMIC_NO_PIC = NO;
				GCC_NO_COMMON_BLOCKS = YES;
				GCC_OPTIMIZATION_LEVEL = 0;
				GCC_PREPROCESSOR_DEFINITIONS = (
					"DEBUG=1",
					"$(inherited)",
				);
				GCC_WARN_64_TO_32_BIT_CONVERSION = YES;
				GCC_WARN_ABOUT_RETURN_TYPE = YES_ERROR;
				GCC_WARN_UNDECLARED_SELECTOR = YES;
				GCC_WARN_UNINITIALIZED_AUTOS = YES_AGGRESSIVE;
				GCC_WARN_UNUSED_FUNCTION = YES;
				GCC_WARN_UNUSED_VARIABLE = YES;
				IPHONEOS_DEPLOYMENT_TARGET = 10.3;
				MTL_ENABLE_DEBUG_INFO = YES;
				ONLY_ACTIVE_ARCH = YES;
				SDKROOT = iphoneos;
				SWIFT_ACTIVE_COMPILATION_CONDITIONS = DEBUG;
				SWIFT_OPTIMIZATION_LEVEL = "-Onone";
				TARGETED_DEVICE_FAMILY = "1,2";
			};
			name = Debug;
		};
		9B9B4BC71EE8D75D006B18BD /* Release */ = {
			isa = XCBuildConfiguration;
			buildSettings = {
				ALWAYS_SEARCH_USER_PATHS = NO;
				CLANG_ANALYZER_NONNULL = YES;
				CLANG_ANALYZER_NUMBER_OBJECT_CONVERSION = YES_AGGRESSIVE;
				CLANG_CXX_LANGUAGE_STANDARD = "gnu++0x";
				CLANG_CXX_LIBRARY = "libc++";
				CLANG_ENABLE_MODULES = YES;
				CLANG_ENABLE_OBJC_ARC = YES;
				CLANG_WARN_BOOL_CONVERSION = YES;
				CLANG_WARN_CONSTANT_CONVERSION = YES;
				CLANG_WARN_DIRECT_OBJC_ISA_USAGE = YES_ERROR;
				CLANG_WARN_DOCUMENTATION_COMMENTS = YES;
				CLANG_WARN_EMPTY_BODY = YES;
				CLANG_WARN_ENUM_CONVERSION = YES;
				CLANG_WARN_INFINITE_RECURSION = YES;
				CLANG_WARN_INT_CONVERSION = YES;
				CLANG_WARN_OBJC_ROOT_CLASS = YES_ERROR;
				CLANG_WARN_SUSPICIOUS_MOVE = YES;
				CLANG_WARN_UNREACHABLE_CODE = YES;
				CLANG_WARN__DUPLICATE_METHOD_MATCH = YES;
				"CODE_SIGN_IDENTITY[sdk=iphoneos*]" = "iPhone Developer";
				COPY_PHASE_STRIP = NO;
				DEBUG_INFORMATION_FORMAT = "dwarf-with-dsym";
				ENABLE_NS_ASSERTIONS = NO;
				ENABLE_STRICT_OBJC_MSGSEND = YES;
				GCC_C_LANGUAGE_STANDARD = gnu99;
				GCC_NO_COMMON_BLOCKS = YES;
				GCC_WARN_64_TO_32_BIT_CONVERSION = YES;
				GCC_WARN_ABOUT_RETURN_TYPE = YES_ERROR;
				GCC_WARN_UNDECLARED_SELECTOR = YES;
				GCC_WARN_UNINITIALIZED_AUTOS = YES_AGGRESSIVE;
				GCC_WARN_UNUSED_FUNCTION = YES;
				GCC_WARN_UNUSED_VARIABLE = YES;
				IPHONEOS_DEPLOYMENT_TARGET = 10.3;
				MTL_ENABLE_DEBUG_INFO = NO;
				SDKROOT = iphoneos;
				SWIFT_OPTIMIZATION_LEVEL = "-Owholemodule";
				TARGETED_DEVICE_FAMILY = "1,2";
				VALIDATE_PRODUCT = YES;
			};
			name = Release;
		};
		9B9B4BC91EE8D75D006B18BD /* Debug */ = {
			isa = XCBuildConfiguration;
			baseConfigurationReference = 00FB17236D58DE02ED9BC343 /* Pods-Bridddle.debug.xcconfig */;
			buildSettings = {
				ASSETCATALOG_COMPILER_APPICON_NAME = AppIcon;
				INFOPLIST_FILE = Bridddle/Info.plist;
				LD_RUNPATH_SEARCH_PATHS = "$(inherited) @executable_path/Frameworks";
				PRODUCT_BUNDLE_IDENTIFIER = b1acKr0se.io.Bridddle;
				PRODUCT_NAME = "$(TARGET_NAME)";
				SWIFT_VERSION = 3.0;
			};
			name = Debug;
		};
		9B9B4BCA1EE8D75D006B18BD /* Release */ = {
			isa = XCBuildConfiguration;
			baseConfigurationReference = 11F8315976A1EED2723BB374 /* Pods-Bridddle.release.xcconfig */;
			buildSettings = {
				ASSETCATALOG_COMPILER_APPICON_NAME = AppIcon;
				INFOPLIST_FILE = Bridddle/Info.plist;
				LD_RUNPATH_SEARCH_PATHS = "$(inherited) @executable_path/Frameworks";
				PRODUCT_BUNDLE_IDENTIFIER = b1acKr0se.io.Bridddle;
				PRODUCT_NAME = "$(TARGET_NAME)";
				SWIFT_VERSION = 3.0;
			};
			name = Release;
		};
		9B9B4BCC1EE8D75D006B18BD /* Debug */ = {
			isa = XCBuildConfiguration;
			buildSettings = {
				ALWAYS_EMBED_SWIFT_STANDARD_LIBRARIES = YES;
				BUNDLE_LOADER = "$(TEST_HOST)";
				INFOPLIST_FILE = BridddleTests/Info.plist;
				LD_RUNPATH_SEARCH_PATHS = "$(inherited) @executable_path/Frameworks @loader_path/Frameworks";
				PRODUCT_BUNDLE_IDENTIFIER = b1acKr0se.io.BridddleTests;
				PRODUCT_NAME = "$(TARGET_NAME)";
				SWIFT_VERSION = 3.0;
				TEST_HOST = "$(BUILT_PRODUCTS_DIR)/Bridddle.app/Bridddle";
			};
			name = Debug;
		};
		9B9B4BCD1EE8D75D006B18BD /* Release */ = {
			isa = XCBuildConfiguration;
			buildSettings = {
				ALWAYS_EMBED_SWIFT_STANDARD_LIBRARIES = YES;
				BUNDLE_LOADER = "$(TEST_HOST)";
				INFOPLIST_FILE = BridddleTests/Info.plist;
				LD_RUNPATH_SEARCH_PATHS = "$(inherited) @executable_path/Frameworks @loader_path/Frameworks";
				PRODUCT_BUNDLE_IDENTIFIER = b1acKr0se.io.BridddleTests;
				PRODUCT_NAME = "$(TARGET_NAME)";
				SWIFT_VERSION = 3.0;
				TEST_HOST = "$(BUILT_PRODUCTS_DIR)/Bridddle.app/Bridddle";
			};
			name = Release;
		};
/* End XCBuildConfiguration section */

/* Begin XCConfigurationList section */
		9B9B4BA61EE8D75D006B18BD /* Build configuration list for PBXProject "Bridddle" */ = {
			isa = XCConfigurationList;
			buildConfigurations = (
				9B9B4BC61EE8D75D006B18BD /* Debug */,
				9B9B4BC71EE8D75D006B18BD /* Release */,
			);
			defaultConfigurationIsVisible = 0;
			defaultConfigurationName = Release;
		};
		9B9B4BC81EE8D75D006B18BD /* Build configuration list for PBXNativeTarget "Bridddle" */ = {
			isa = XCConfigurationList;
			buildConfigurations = (
				9B9B4BC91EE8D75D006B18BD /* Debug */,
				9B9B4BCA1EE8D75D006B18BD /* Release */,
			);
			defaultConfigurationIsVisible = 0;
			defaultConfigurationName = Release;
		};
		9B9B4BCB1EE8D75D006B18BD /* Build configuration list for PBXNativeTarget "BridddleTests" */ = {
			isa = XCConfigurationList;
			buildConfigurations = (
				9B9B4BCC1EE8D75D006B18BD /* Debug */,
				9B9B4BCD1EE8D75D006B18BD /* Release */,
			);
			defaultConfigurationIsVisible = 0;
			defaultConfigurationName = Release;
		};
/* End XCConfigurationList section */
	};
	rootObject = 9B9B4BA31EE8D75D006B18BD /* Project object */;
}
